// !$*UTF8*$!
{
	archiveVersion = 1;
	classes = {
	};
	objectVersion = 46;
	objects = {

/* Begin PBXBuildFile section */
		93350B110457AC03BA1E5951 /* fpacker.cpp in Sources */ = {isa = PBXBuildFile; fileRef = 54C26C997CFD254B6498B2D9 /* fpacker.cpp */; };
/* End PBXBuildFile section */

/* Begin PBXCopyFilesBuildPhase section */
		C69E7F78C7517C6A3B334DB8 /* Embed Libraries */ = {
			isa = PBXCopyFilesBuildPhase;
			buildActionMask = 2147483647;
			dstPath = "";
			dstSubfolderSpec = 10;
			files = (
			);
			name = "Embed Libraries";
			runOnlyForDeploymentPostprocessing = 0;
		};
/* End PBXCopyFilesBuildPhase section */

/* Begin PBXFileReference section */
		1AB7550340DD84B5A7E47B43 /* fpacker.h */ = {isa = PBXFileReference; lastKnownFileType = sourcecode.c.h; name = fpacker.h; path = src/fpacker.h; sourceTree = "<group>"; };
		54C26C997CFD254B6498B2D9 /* fpacker.cpp */ = {isa = PBXFileReference; lastKnownFileType = sourcecode.cpp.cpp; name = fpacker.cpp; path = src/fpacker.cpp; sourceTree = "<group>"; };
		5C4BF49C55B1F60E494D52DC /* libfpacker-d.a */ = {isa = PBXFileReference; explicitFileType = archive.ar; includeInIndex = 0; path = "libfpacker-d.a"; sourceTree = BUILT_PRODUCTS_DIR; };
		9A82D8DFC2BD9191AA591F1F /* fpacker.h */ = {isa = PBXFileReference; lastKnownFileType = sourcecode.c.h; name = fpacker.h; path = include/fpacker.h; sourceTree = "<group>"; };
/* End PBXFileReference section */

/* Begin PBXFrameworksBuildPhase section */
		67E3FC0CD96F147E88703A4C /* Frameworks */ = {
			isa = PBXFrameworksBuildPhase;
			buildActionMask = 2147483647;
			files = (
			);
			runOnlyForDeploymentPostprocessing = 0;
		};
/* End PBXFrameworksBuildPhase section */

/* Begin PBXGroup section */
		2458E87CB764416EFF9936BC /* FPacker */ = {
			isa = PBXGroup;
			children = (
				5E8C725002DF100215175890 /* include */,
				5775D4184366DFCA959E7A58 /* src */,
				A6C936B49B3FADE6EA134CF4 /* Products */,
			);
			name = FPacker;
			sourceTree = "<group>";
		};
		5775D4184366DFCA959E7A58 /* src */ = {
			isa = PBXGroup;
			children = (
				54C26C997CFD254B6498B2D9 /* fpacker.cpp */,
				1AB7550340DD84B5A7E47B43 /* fpacker.h */,
			);
			name = src;
			sourceTree = "<group>";
		};
		5E8C725002DF100215175890 /* include */ = {
			isa = PBXGroup;
			children = (
				9A82D8DFC2BD9191AA591F1F /* fpacker.h */,
			);
			name = include;
			sourceTree = "<group>";
		};
		A6C936B49B3FADE6EA134CF4 /* Products */ = {
			isa = PBXGroup;
			children = (
				5C4BF49C55B1F60E494D52DC /* libfpacker-d.a */,
			);
			name = Products;
			sourceTree = "<group>";
		};
/* End PBXGroup section */

/* Begin PBXNativeTarget section */
		C6D9A902DDEC4434CE083F42 /* FPacker */ = {
			isa = PBXNativeTarget;
			buildConfigurationList = 561F446BC7AA5CDD76AB82AB /* Build configuration list for PBXNativeTarget "FPacker" */;
			buildPhases = (
				D7CB7CAC4956951EF857BAEC /* Resources */,
				41789603B303AE756204D443 /* Sources */,
				67E3FC0CD96F147E88703A4C /* Frameworks */,
				C69E7F78C7517C6A3B334DB8 /* Embed Libraries */,
			);
			buildRules = (
			);
			dependencies = (
			);
			name = FPacker;
			productName = FPacker;
			productReference = 5C4BF49C55B1F60E494D52DC /* libfpacker-d.a */;
			productType = "com.apple.product-type.library.static";
		};
/* End PBXNativeTarget section */

/* Begin PBXProject section */
		08FB7793FE84155DC02AAC07 /* Project object */ = {
			isa = PBXProject;
			attributes = {
			};
			buildConfigurationList = 1DEB928908733DD80010E9CD /* Build configuration list for PBXProject "FPacker" */;
			compatibilityVersion = "Xcode 3.2";
			developmentRegion = en;
			hasScannedForEncodings = 1;
			knownRegions = (
				en,
				Base,
			);
			mainGroup = 2458E87CB764416EFF9936BC /* FPacker */;
			projectDirPath = "";
			projectRoot = "";
			targets = (
				C6D9A902DDEC4434CE083F42 /* FPacker */,
			);
		};
/* End PBXProject section */

/* Begin PBXResourcesBuildPhase section */
		D7CB7CAC4956951EF857BAEC /* Resources */ = {
			isa = PBXResourcesBuildPhase;
			buildActionMask = 2147483647;
			files = (
			);
			runOnlyForDeploymentPostprocessing = 0;
		};
/* End PBXResourcesBuildPhase section */

/* Begin PBXSourcesBuildPhase section */
		41789603B303AE756204D443 /* Sources */ = {
			isa = PBXSourcesBuildPhase;
			buildActionMask = 2147483647;
			files = (
				93350B110457AC03BA1E5951 /* fpacker.cpp in Sources */,
			);
			runOnlyForDeploymentPostprocessing = 0;
		};
/* End PBXSourcesBuildPhase section */

/* Begin XCBuildConfiguration section */
		2FA251B18AE3A5235E3DEFF1 /* Debug */ = {
			isa = XCBuildConfiguration;
			buildSettings = {
				ALWAYS_SEARCH_USER_PATHS = NO;
				CLANG_CXX_LANGUAGE_STANDARD = "c++20";
				CONFIGURATION_BUILD_DIR = bin/Debug;
				DEBUG_INFORMATION_FORMAT = "dwarf-with-dsym";
				GCC_DYNAMIC_NO_PIC = NO;
				INSTALL_PATH = /usr/local/lib;
				PRODUCT_NAME = "fpacker-d";
			};
			name = Debug;
		};
		C719A48B6A652DBD8535FACB /* Debug */ = {
			isa = XCBuildConfiguration;
			buildSettings = {
				ARCHS = "$(NATIVE_ARCH_ACTUAL)";
				CONFIGURATION_BUILD_DIR = "$(SYMROOT)";
				CONFIGURATION_TEMP_DIR = "$(OBJROOT)";
				COPY_PHASE_STRIP = NO;
				GCC_ENABLE_FIX_AND_CONTINUE = YES;
				GCC_OPTIMIZATION_LEVEL = 0;
				GCC_PREPROCESSOR_DEFINITIONS = DEBUG;
				GCC_SYMBOLS_PRIVATE_EXTERN = NO;
				GCC_WARN_ABOUT_RETURN_TYPE = YES;
				GCC_WARN_UNUSED_VARIABLE = YES;
				OBJROOT = "bin-int/Debug";
				ONLY_ACTIVE_ARCH = YES;
				SYMROOT = bin/Debug;
			};
			name = Debug;
		};
		E8409CEB192494DD2C3CCB2B /* Release */ = {
			isa = XCBuildConfiguration;
			buildSettings = {
				ALWAYS_SEARCH_USER_PATHS = NO;
				CLANG_CXX_LANGUAGE_STANDARD = "c++20";
				CONFIGURATION_BUILD_DIR = bin/Release;
				DEBUG_INFORMATION_FORMAT = "dwarf-with-dsym";
				GCC_DYNAMIC_NO_PIC = NO;
				INSTALL_PATH = /usr/local/lib;
				PRODUCT_NAME = fpacker;
			};
			name = Release;
		};
		E87CCD858CCF6B379F07B3C5 /* Release */ = {
			isa = XCBuildConfiguration;
			buildSettings = {
				ARCHS = "$(NATIVE_ARCH_ACTUAL)";
				CONFIGURATION_BUILD_DIR = "$(SYMROOT)";
				CONFIGURATION_TEMP_DIR = "$(OBJROOT)";
				GCC_OPTIMIZATION_LEVEL = 3;
				GCC_PREPROCESSOR_DEFINITIONS = RELEASE;
				GCC_SYMBOLS_PRIVATE_EXTERN = NO;
				GCC_WARN_ABOUT_RETURN_TYPE = YES;
				GCC_WARN_UNUSED_VARIABLE = YES;
				OBJROOT = "bin-int/Release";
				ONLY_ACTIVE_ARCH = NO;
				SYMROOT = bin/Release;
			};
			name = Release;
		};
/* End XCBuildConfiguration section */

/* Begin XCConfigurationList section */
		1DEB928908733DD80010E9CD /* Build configuration list for PBXProject "FPacker" */ = {
			isa = XCConfigurationList;
			buildConfigurations = (
				C719A48B6A652DBD8535FACB /* Debug */,
				E87CCD858CCF6B379F07B3C5 /* Release */,
			);
			defaultConfigurationIsVisible = 0;
			defaultConfigurationName = Debug;
		};
		561F446BC7AA5CDD76AB82AB /* Build configuration list for PBXNativeTarget "FPacker" */ = {
			isa = XCConfigurationList;
			buildConfigurations = (
				2FA251B18AE3A5235E3DEFF1 /* Debug */,
				E8409CEB192494DD2C3CCB2B /* Release */,
			);
			defaultConfigurationIsVisible = 0;
			defaultConfigurationName = Debug;
		};
/* End XCConfigurationList section */
	};
	rootObject = 08FB7793FE84155DC02AAC07 /* Project object */;
}
